
Microsoft Visual Studio Solution File, Format Version 12.00
# Visual Studio Version 17
VisualStudioVersion = 17.0.32002.185
MinimumVisualStudioVersion = 10.0.40219.1
Project("{9A19103F-16F7-4668-BE54-9A1E7A4F7556}") = "BinarySearch", "BinarySearch\BinarySearch.csproj", "{35AF1868-4BE9-4F57-94A3-1D151BF5C822}"
EndProject
Project("{9A19103F-16F7-4668-BE54-9A1E7A4F7556}") = "BubbleSortAndAlgorithms", "BubbleSortAndAlgorithms\BubbleSortAndAlgorithms.csproj", "{9ADB6679-C7BA-4AFE-A133-FE39280C55D9}"
EndProject
Project("{9A19103F-16F7-4668-BE54-9A1E7A4F7556}") = "SelectionSort", "SelectionSort\SelectionSort.csproj", "{52FB653F-F2AB-44D1-A85B-9EAF80B1FA35}"
EndProject
Project("{FAE04EC0-301F-11D3-BF4B-00C04F79EFBC}") = "InsertionSort", "InsertionSort\InsertionSort.csproj", "{9953D674-9C80-4F7D-8716-4E4595F3733E}"
EndProject
Global
	GlobalSection(SolutionConfigurationPlatforms) = preSolution
		Debug|Any CPU = Debug|Any CPU
		Release|Any CPU = Release|Any CPU
	EndGlobalSection
	GlobalSection(ProjectConfigurationPlatforms) = postSolution
		{35AF1868-4BE9-4F57-94A3-1D151BF5C822}.Debug|Any CPU.ActiveCfg = Debug|Any CPU
		{35AF1868-4BE9-4F57-94A3-1D151BF5C822}.Debug|Any CPU.Build.0 = Debug|Any CPU
		{35AF1868-4BE9-4F57-94A3-1D151BF5C822}.Release|Any CPU.ActiveCfg = Release|Any CPU
		{35AF1868-4BE9-4F57-94A3-1D151BF5C822}.Release|Any CPU.Build.0 = Release|Any CPU
		{9ADB6679-C7BA-4AFE-A133-FE39280C55D9}.Debug|Any CPU.ActiveCfg = Debug|Any CPU
		{9ADB6679-C7BA-4AFE-A133-FE39280C55D9}.Debug|Any CPU.Build.0 = Debug|Any CPU
		{9ADB6679-C7BA-4AFE-A133-FE39280C55D9}.Release|Any CPU.ActiveCfg = Release|Any CPU
		{9ADB6679-C7BA-4AFE-A133-FE39280C55D9}.Release|Any CPU.Build.0 = Release|Any CPU
		{52FB653F-F2AB-44D1-A85B-9EAF80B1FA35}.Debug|Any CPU.ActiveCfg = Debug|Any CPU
		{52FB653F-F2AB-44D1-A85B-9EAF80B1FA35}.Debug|Any CPU.Build.0 = Debug|Any CPU
		{52FB653F-F2AB-44D1-A85B-9EAF80B1FA35}.Release|Any CPU.ActiveCfg = Release|Any CPU
		{52FB653F-F2AB-44D1-A85B-9EAF80B1FA35}.Release|Any CPU.Build.0 = Release|Any CPU
		{9953D674-9C80-4F7D-8716-4E4595F3733E}.Debug|Any CPU.ActiveCfg = Debug|Any CPU
		{9953D674-9C80-4F7D-8716-4E4595F3733E}.Debug|Any CPU.Build.0 = Debug|Any CPU
		{9953D674-9C80-4F7D-8716-4E4595F3733E}.Release|Any CPU.ActiveCfg = Release|Any CPU
		{9953D674-9C80-4F7D-8716-4E4595F3733E}.Release|Any CPU.Build.0 = Release|Any CPU
	EndGlobalSection
	GlobalSection(SolutionProperties) = preSolution
		HideSolutionNode = FALSE
	EndGlobalSection
	GlobalSection(ExtensibilityGlobals) = postSolution
		SolutionGuid = {A6AB1397-8C48-494F-A698-03F02F391821}
	EndGlobalSection
EndGlobal
